
Microsoft Visual Studio Solution File, Format Version 12.00
# Visual Studio Version 16
VisualStudioVersion = 16.0.30804.86
MinimumVisualStudioVersion = 10.0.40219.1
Project("{FAE04EC0-301F-11D3-BF4B-00C04F79EFBC}") = "GameServer", "GameServer.csproj", "{C4F7FACB-E1E4-4C94-A111-629CA0493A9A}"
EndProject
Global
	GlobalSection(SolutionConfigurationPlatforms) = preSolution
		Debug|Any CPU = Debug|Any CPU
		Release|Any CPU = Release|Any CPU
	EndGlobalSection
	GlobalSection(ProjectConfigurationPlatforms) = postSolution
		{C4F7FACB-E1E4-4C94-A111-629CA0493A9A}.Debug|Any CPU.ActiveCfg = Debug|Any CPU
		{C4F7FACB-E1E4-4C94-A111-629CA0493A9A}.Debug|Any CPU.Build.0 = Debug|Any CPU
		{C4F7FACB-E1E4-4C94-A111-629CA0493A9A}.Release|Any CPU.ActiveCfg = Release|Any CPU
		{C4F7FACB-E1E4-4C94-A111-629CA0493A9A}.Release|Any CPU.Build.0 = Release|Any CPU
	EndGlobalSection
	GlobalSection(SolutionProperties) = preSolution
		HideSolutionNode = FALSE
	EndGlobalSection
	GlobalSection(ExtensibilityGlobals) = postSolution
		SolutionGuid = {A1FEBE19-5108-4337-8676-A5A18B018805}
	EndGlobalSection
EndGlobal
